// !$*UTF8*$!
{
	archiveVersion = 1;
	classes = {
	};
	objectVersion = 46;
	objects = {

/* Begin PBXBuildFile section */
		E9805A221F0496FE00FD0FBC /* index.html in Resources */ = {isa = PBXBuildFile; fileRef = E9805A211F0496FE00FD0FBC /* index.html */; };
		E9AE1ABF1EF11F0E004642D1 /* main.m in Sources */ = {isa = PBXBuildFile; fileRef = E9AE1ABE1EF11F0E004642D1 /* main.m */; };
		E9AE1AC21EF11F0E004642D1 /* AppDelegate.m in Sources */ = {isa = PBXBuildFile; fileRef = E9AE1AC11EF11F0E004642D1 /* AppDelegate.m */; };
		E9AE1AC51EF11F0E004642D1 /* ViewController.m in Sources */ = {isa = PBXBuildFile; fileRef = E9AE1AC41EF11F0E004642D1 /* ViewController.m */; };
		E9AE1AC81EF11F0F004642D1 /* Main.storyboard in Resources */ = {isa = PBXBuildFile; fileRef = E9AE1AC61EF11F0F004642D1 /* Main.storyboard */; };
		E9AE1ACA1EF11F0F004642D1 /* Assets.xcassets in Resources */ = {isa = PBXBuildFile; fileRef = E9AE1AC91EF11F0F004642D1 /* Assets.xcassets */; };
		E9AE1ACD1EF11F0F004642D1 /* LaunchScreen.storyboard in Resources */ = {isa = PBXBuildFile; fileRef = E9AE1ACB1EF11F0F004642D1 /* LaunchScreen.storyboard */; };
		E9AE1AD71EF12691004642D1 /* LOJSBridge.m in Sources */ = {isa = PBXBuildFile; fileRef = E9AE1AD61EF12691004642D1 /* LOJSBridge.m */; };
		E9CEFB3B1EF18AC500033E06 /* UIWebViewController.m in Sources */ = {isa = PBXBuildFile; fileRef = E9CEFB3A1EF18AC500033E06 /* UIWebViewController.m */; };
		E9CEFB3E1EF18ADD00033E06 /* WKWebViewController.m in Sources */ = {isa = PBXBuildFile; fileRef = E9CEFB3D1EF18ADD00033E06 /* WKWebViewController.m */; };
/* End PBXBuildFile section */

/* Begin PBXFileReference section */
		E9805A211F0496FE00FD0FBC /* index.html */ = {isa = PBXFileReference; fileEncoding = 4; lastKnownFileType = text.html; path = index.html; sourceTree = "<group>"; };
		E9AE1ABA1EF11F0E004642D1 /* LOJSBridge-OC.app */ = {isa = PBXFileReference; explicitFileType = wrapper.application; includeInIndex = 0; path = "LOJSBridge-OC.app"; sourceTree = BUILT_PRODUCTS_DIR; };
		E9AE1ABE1EF11F0E004642D1 /* main.m */ = {isa = PBXFileReference; lastKnownFileType = sourcecode.c.objc; path = main.m; sourceTree = "<group>"; };
		E9AE1AC01EF11F0E004642D1 /* AppDelegate.h */ = {isa = PBXFileReference; lastKnownFileType = sourcecode.c.h; path = AppDelegate.h; sourceTree = "<group>"; };
		E9AE1AC11EF11F0E004642D1 /* AppDelegate.m */ = {isa = PBXFileReference; lastKnownFileType = sourcecode.c.objc; path = AppDelegate.m; sourceTree = "<group>"; };
		E9AE1AC31EF11F0E004642D1 /* ViewController.h */ = {isa = PBXFileReference; lastKnownFileType = sourcecode.c.h; path = ViewController.h; sourceTree = "<group>"; };
		E9AE1AC41EF11F0E004642D1 /* ViewController.m */ = {isa = PBXFileReference; lastKnownFileType = sourcecode.c.objc; path = ViewController.m; sourceTree = "<group>"; };
		E9AE1AC71EF11F0F004642D1 /* Base */ = {isa = PBXFileReference; lastKnownFileType = file.storyboard; name = Base; path = Base.lproj/Main.storyboard; sourceTree = "<group>"; };
		E9AE1AC91EF11F0F004642D1 /* Assets.xcassets */ = {isa = PBXFileReference; lastKnownFileType = folder.assetcatalog; path = Assets.xcassets; sourceTree = "<group>"; };
		E9AE1ACC1EF11F0F004642D1 /* Base */ = {isa = PBXFileReference; lastKnownFileType = file.storyboard; name = Base; path = Base.lproj/LaunchScreen.storyboard; sourceTree = "<group>"; };
		E9AE1ACE1EF11F0F004642D1 /* Info.plist */ = {isa = PBXFileReference; lastKnownFileType = text.plist.xml; path = Info.plist; sourceTree = "<group>"; };
		E9AE1AD51EF12691004642D1 /* LOJSBridge.h */ = {isa = PBXFileReference; fileEncoding = 4; lastKnownFileType = sourcecode.c.h; path = LOJSBridge.h; sourceTree = "<group>"; };
		E9AE1AD61EF12691004642D1 /* LOJSBridge.m */ = {isa = PBXFileReference; fileEncoding = 4; lastKnownFileType = sourcecode.c.objc; path = LOJSBridge.m; sourceTree = "<group>"; };
		E9CEFB391EF18AC500033E06 /* UIWebViewController.h */ = {isa = PBXFileReference; fileEncoding = 4; lastKnownFileType = sourcecode.c.h; path = UIWebViewController.h; sourceTree = "<group>"; };
		E9CEFB3A1EF18AC500033E06 /* UIWebViewController.m */ = {isa = PBXFileReference; fileEncoding = 4; lastKnownFileType = sourcecode.c.objc; path = UIWebViewController.m; sourceTree = "<group>"; };
		E9CEFB3C1EF18ADD00033E06 /* WKWebViewController.h */ = {isa = PBXFileReference; fileEncoding = 4; lastKnownFileType = sourcecode.c.h; path = WKWebViewController.h; sourceTree = "<group>"; };
		E9CEFB3D1EF18ADD00033E06 /* WKWebViewController.m */ = {isa = PBXFileReference; fileEncoding = 4; lastKnownFileType = sourcecode.c.objc; path = WKWebViewController.m; sourceTree = "<group>"; };
/* End PBXFileReference section */

/* Begin PBXFrameworksBuildPhase section */
		E9AE1AB71EF11F0E004642D1 /* Frameworks */ = {
			isa = PBXFrameworksBuildPhase;
			buildActionMask = 2147483647;
			files = (
			);
			runOnlyForDeploymentPostprocessing = 0;
		};
/* End PBXFrameworksBuildPhase section */

/* Begin PBXGroup section */
		E9805A201F0496FE00FD0FBC /* Sources */ = {
			isa = PBXGroup;
			children = (
				E9805A211F0496FE00FD0FBC /* index.html */,
			);
			path = Sources;
			sourceTree = "<group>";
		};
		E9AE1AB11EF11F0E004642D1 = {
			isa = PBXGroup;
			children = (
				E9AE1ABC1EF11F0E004642D1 /* LOJSBridge-OC */,
				E9AE1ABB1EF11F0E004642D1 /* Products */,
			);
			sourceTree = "<group>";
		};
		E9AE1ABB1EF11F0E004642D1 /* Products */ = {
			isa = PBXGroup;
			children = (
				E9AE1ABA1EF11F0E004642D1 /* LOJSBridge-OC.app */,
			);
			name = Products;
			sourceTree = "<group>";
		};
		E9AE1ABC1EF11F0E004642D1 /* LOJSBridge-OC */ = {
			isa = PBXGroup;
			children = (
				E9AE1AD41EF12684004642D1 /* LOJSBridge */,
				E9805A201F0496FE00FD0FBC /* Sources */,
				E9AE1AC01EF11F0E004642D1 /* AppDelegate.h */,
				E9AE1AC11EF11F0E004642D1 /* AppDelegate.m */,
				E9AE1AC31EF11F0E004642D1 /* ViewController.h */,
				E9AE1AC41EF11F0E004642D1 /* ViewController.m */,
				E9CEFB391EF18AC500033E06 /* UIWebViewController.h */,
				E9CEFB3A1EF18AC500033E06 /* UIWebViewController.m */,
				E9CEFB3C1EF18ADD00033E06 /* WKWebViewController.h */,
				E9CEFB3D1EF18ADD00033E06 /* WKWebViewController.m */,
				E9AE1AC61EF11F0F004642D1 /* Main.storyboard */,
				E9AE1AC91EF11F0F004642D1 /* Assets.xcassets */,
				E9AE1ACB1EF11F0F004642D1 /* LaunchScreen.storyboard */,
				E9AE1ACE1EF11F0F004642D1 /* Info.plist */,
				E9AE1ABD1EF11F0E004642D1 /* Supporting Files */,
			);
			path = "LOJSBridge-OC";
			sourceTree = "<group>";
		};
		E9AE1ABD1EF11F0E004642D1 /* Supporting Files */ = {
			isa = PBXGroup;
			children = (
				E9AE1ABE1EF11F0E004642D1 /* main.m */,
			);
			name = "Supporting Files";
			sourceTree = "<group>";
		};
		E9AE1AD41EF12684004642D1 /* LOJSBridge */ = {
			isa = PBXGroup;
			children = (
				E9AE1AD51EF12691004642D1 /* LOJSBridge.h */,
				E9AE1AD61EF12691004642D1 /* LOJSBridge.m */,
			);
			path = LOJSBridge;
			sourceTree = "<group>";
		};
/* End PBXGroup section */

/* Begin PBXNativeTarget section */
		E9AE1AB91EF11F0E004642D1 /* LOJSBridge-OC */ = {
			isa = PBXNativeTarget;
			buildConfigurationList = E9AE1AD11EF11F0F004642D1 /* Build configuration list for PBXNativeTarget "LOJSBridge-OC" */;
			buildPhases = (
				E9AE1AB61EF11F0E004642D1 /* Sources */,
				E9AE1AB71EF11F0E004642D1 /* Frameworks */,
				E9AE1AB81EF11F0E004642D1 /* Resources */,
			);
			buildRules = (
			);
			dependencies = (
			);
			name = "LOJSBridge-OC";
			productName = "LOJSBridge-OC";
			productReference = E9AE1ABA1EF11F0E004642D1 /* LOJSBridge-OC.app */;
			productType = "com.apple.product-type.application";
		};
/* End PBXNativeTarget section */

/* Begin PBXProject section */
		E9AE1AB21EF11F0E004642D1 /* Project object */ = {
			isa = PBXProject;
			attributes = {
				LastUpgradeCheck = 0830;
				ORGANIZATIONNAME = "唐万龙";
				TargetAttributes = {
					E9AE1AB91EF11F0E004642D1 = {
						CreatedOnToolsVersion = 8.3.2;
						DevelopmentTeam = M6ADTQ6ADM;
						ProvisioningStyle = Automatic;
					};
				};
			};
			buildConfigurationList = E9AE1AB51EF11F0E004642D1 /* Build configuration list for PBXProject "LOJSBridge-OC" */;
			compatibilityVersion = "Xcode 3.2";
			developmentRegion = English;
			hasScannedForEncodings = 0;
			knownRegions = (
				en,
				Base,
			);
			mainGroup = E9AE1AB11EF11F0E004642D1;
			productRefGroup = E9AE1ABB1EF11F0E004642D1 /* Products */;
			projectDirPath = "";
			projectRoot = "";
			targets = (
				E9AE1AB91EF11F0E004642D1 /* LOJSBridge-OC */,
			);
		};
/* End PBXProject section */

/* Begin PBXResourcesBuildPhase section */
		E9AE1AB81EF11F0E004642D1 /* Resources */ = {
			isa = PBXResourcesBuildPhase;
			buildActionMask = 2147483647;
			files = (
				E9AE1ACD1EF11F0F004642D1 /* LaunchScreen.storyboard in Resources */,
				E9805A221F0496FE00FD0FBC /* index.html in Resources */,
				E9AE1ACA1EF11F0F004642D1 /* Assets.xcassets in Resources */,
				E9AE1AC81EF11F0F004642D1 /* Main.storyboard in Resources */,
			);
			runOnlyForDeploymentPostprocessing = 0;
		};
/* End PBXResourcesBuildPhase section */

/* Begin PBXSourcesBuildPhase section */
		E9AE1AB61EF11F0E004642D1 /* Sources */ = {
			isa = PBXSourcesBuildPhase;
			buildActionMask = 2147483647;
			files = (
				E9AE1AD71EF12691004642D1 /* LOJSBridge.m in Sources */,
				E9AE1AC51EF11F0E004642D1 /* ViewController.m in Sources */,
				E9AE1AC21EF11F0E004642D1 /* AppDelegate.m in Sources */,
				E9CEFB3B1EF18AC500033E06 /* UIWebViewController.m in Sources */,
				E9AE1ABF1EF11F0E004642D1 /* main.m in Sources */,
				E9CEFB3E1EF18ADD00033E06 /* WKWebViewController.m in Sources */,
			);
			runOnlyForDeploymentPostprocessing = 0;
		};
/* End PBXSourcesBuildPhase section */

/* Begin PBXVariantGroup section */
		E9AE1AC61EF11F0F004642D1 /* Main.storyboard */ = {
			isa = PBXVariantGroup;
			children = (
				E9AE1AC71EF11F0F004642D1 /* Base */,
			);
			name = Main.storyboard;
			sourceTree = "<group>";
		};
		E9AE1ACB1EF11F0F004642D1 /* LaunchScreen.storyboard */ = {
			isa = PBXVariantGroup;
			children = (
				E9AE1ACC1EF11F0F004642D1 /* Base */,
			);
			name = LaunchScreen.storyboard;
			sourceTree = "<group>";
		};
/* End PBXVariantGroup section */

/* Begin XCBuildConfiguration section */
		E9AE1ACF1EF11F0F004642D1 /* Debug */ = {
			isa = XCBuildConfiguration;
			buildSettings = {
				ALWAYS_SEARCH_USER_PATHS = NO;
				CLANG_ANALYZER_NONNULL = YES;
				CLANG_ANALYZER_NUMBER_OBJECT_CONVERSION = YES_AGGRESSIVE;
				CLANG_CXX_LANGUAGE_STANDARD = "gnu++0x";
				CLANG_CXX_LIBRARY = "libc++";
				CLANG_ENABLE_MODULES = YES;
				CLANG_ENABLE_OBJC_ARC = YES;
				CLANG_WARN_BOOL_CONVERSION = YES;
				CLANG_WARN_CONSTANT_CONVERSION = YES;
				CLANG_WARN_DIRECT_OBJC_ISA_USAGE = YES_ERROR;
				CLANG_WARN_DOCUMENTATION_COMMENTS = YES;
				CLANG_WARN_EMPTY_BODY = YES;
				CLANG_WARN_ENUM_CONVERSION = YES;
				CLANG_WARN_INFINITE_RECURSION = YES;
				CLANG_WARN_INT_CONVERSION = YES;
				CLANG_WARN_OBJC_ROOT_CLASS = YES_ERROR;
				CLANG_WARN_SUSPICIOUS_MOVE = YES;
				CLANG_WARN_UNREACHABLE_CODE = YES;
				CLANG_WARN__DUPLICATE_METHOD_MATCH = YES;
				"CODE_SIGN_IDENTITY[sdk=iphoneos*]" = "iPhone Developer";
				COPY_PHASE_STRIP = NO;
				DEBUG_INFORMATION_FORMAT = dwarf;
				ENABLE_STRICT_OBJC_MSGSEND = YES;
				ENABLE_TESTABILITY = YES;
				GCC_C_LANGUAGE_STANDARD = gnu99;
				GCC_DYNAMIC_NO_PIC = NO;
				GCC_NO_COMMON_BLOCKS = YES;
				GCC_OPTIMIZATION_LEVEL = 0;
				GCC_PREPROCESSOR_DEFINITIONS = (
					"DEBUG=1",
					"$(inherited)",
				);
				GCC_WARN_64_TO_32_BIT_CONVERSION = YES;
				GCC_WARN_ABOUT_RETURN_TYPE = YES_ERROR;
				GCC_WARN_UNDECLARED_SELECTOR = YES;
				GCC_WARN_UNINITIALIZED_AUTOS = YES_AGGRESSIVE;
				GCC_WARN_UNUSED_FUNCTION = YES;
				GCC_WARN_UNUSED_VARIABLE = YES;
				IPHONEOS_DEPLOYMENT_TARGET = 10.3;
				MTL_ENABLE_DEBUG_INFO = YES;
				ONLY_ACTIVE_ARCH = YES;
				SDKROOT = iphoneos;
				TARGETED_DEVICE_FAMILY = "1,2";
			};
			name = Debug;
		};
		E9AE1AD01EF11F0F004642D1 /* Release */ = {
			isa = XCBuildConfiguration;
			buildSettings = {
				ALWAYS_SEARCH_USER_PATHS = NO;
				CLANG_ANALYZER_NONNULL = YES;
				CLANG_ANALYZER_NUMBER_OBJECT_CONVERSION = YES_AGGRESSIVE;
				CLANG_CXX_LANGUAGE_STANDARD = "gnu++0x";
				CLANG_CXX_LIBRARY = "libc++";
				CLANG_ENABLE_MODULES = YES;
				CLANG_ENABLE_OBJC_ARC = YES;
				CLANG_WARN_BOOL_CONVERSION = YES;
				CLANG_WARN_CONSTANT_CONVERSION = YES;
				CLANG_WARN_DIRECT_OBJC_ISA_USAGE = YES_ERROR;
				CLANG_WARN_DOCUMENTATION_COMMENTS = YES;
				CLANG_WARN_EMPTY_BODY = YES;
				CLANG_WARN_ENUM_CONVERSION = YES;
				CLANG_WARN_INFINITE_RECURSION = YES;
				CLANG_WARN_INT_CONVERSION = YES;
				CLANG_WARN_OBJC_ROOT_CLASS = YES_ERROR;
				CLANG_WARN_SUSPICIOUS_MOVE = YES;
				CLANG_WARN_UNREACHABLE_CODE = YES;
				CLANG_WARN__DUPLICATE_METHOD_MATCH = YES;
				"CODE_SIGN_IDENTITY[sdk=iphoneos*]" = "iPhone Developer";
				COPY_PHASE_STRIP = NO;
				DEBUG_INFORMATION_FORMAT = "dwarf-with-dsym";
				ENABLE_NS_ASSERTIONS = NO;
				ENABLE_STRICT_OBJC_MSGSEND = YES;
				GCC_C_LANGUAGE_STANDARD = gnu99;
				GCC_NO_COMMON_BLOCKS = YES;
				GCC_WARN_64_TO_32_BIT_CONVERSION = YES;
				GCC_WARN_ABOUT_RETURN_TYPE = YES_ERROR;
				GCC_WARN_UNDECLARED_SELECTOR = YES;
				GCC_WARN_UNINITIALIZED_AUTOS = YES_AGGRESSIVE;
				GCC_WARN_UNUSED_FUNCTION = YES;
				GCC_WARN_UNUSED_VARIABLE = YES;
				IPHONEOS_DEPLOYMENT_TARGET = 10.3;
				MTL_ENABLE_DEBUG_INFO = NO;
				SDKROOT = iphoneos;
				TARGETED_DEVICE_FAMILY = "1,2";
				VALIDATE_PRODUCT = YES;
			};
			name = Release;
		};
		E9AE1AD21EF11F0F004642D1 /* Debug */ = {
			isa = XCBuildConfiguration;
			buildSettings = {
				ASSETCATALOG_COMPILER_APPICON_NAME = AppIcon;
				DEVELOPMENT_TEAM = M6ADTQ6ADM;
				INFOPLIST_FILE = "LOJSBridge-OC/Info.plist";
				IPHONEOS_DEPLOYMENT_TARGET = 8.0;
				LD_RUNPATH_SEARCH_PATHS = "$(inherited) @executable_path/Frameworks";
				PRODUCT_BUNDLE_IDENTIFIER = "cc.longerone.LOJSBridge-OC";
				PRODUCT_NAME = "$(TARGET_NAME)";
			};
			name = Debug;
		};
		E9AE1AD31EF11F0F004642D1 /* Release */ = {
			isa = XCBuildConfiguration;
			buildSettings = {
				ASSETCATALOG_COMPILER_APPICON_NAME = AppIcon;
				DEVELOPMENT_TEAM = M6ADTQ6ADM;
				INFOPLIST_FILE = "LOJSBridge-OC/Info.plist";
				IPHONEOS_DEPLOYMENT_TARGET = 8.0;
				LD_RUNPATH_SEARCH_PATHS = "$(inherited) @executable_path/Frameworks";
				PRODUCT_BUNDLE_IDENTIFIER = "cc.longerone.LOJSBridge-OC";
				PRODUCT_NAME = "$(TARGET_NAME)";
			};
			name = Release;
		};
/* End XCBuildConfiguration section */

/* Begin XCConfigurationList section */
		E9AE1AB51EF11F0E004642D1 /* Build configuration list for PBXProject "LOJSBridge-OC" */ = {
			isa = XCConfigurationList;
			buildConfigurations = (
				E9AE1ACF1EF11F0F004642D1 /* Debug */,
				E9AE1AD01EF11F0F004642D1 /* Release */,
			);
			defaultConfigurationIsVisible = 0;
			defaultConfigurationName = Release;
		};
		E9AE1AD11EF11F0F004642D1 /* Build configuration list for PBXNativeTarget "LOJSBridge-OC" */ = {
			isa = XCConfigurationList;
			buildConfigurations = (
				E9AE1AD21EF11F0F004642D1 /* Debug */,
				E9AE1AD31EF11F0F004642D1 /* Release */,
			);
			defaultConfigurationIsVisible = 0;
			defaultConfigurationName = Release;
		};
/* End XCConfigurationList section */
	};
	rootObject = E9AE1AB21EF11F0E004642D1 /* Project object */;
}
